
Microsoft Visual Studio Solution File, Format Version 12.00
# Visual Studio Version 16
VisualStudioVersion = 16.0.29001.49
MinimumVisualStudioVersion = 10.0.40219.1
Project("{FAE04EC0-301F-11D3-BF4B-00C04F79EFBC}") = "WorkerBee", "WorkerBee.csproj", "{F907D999-E3A4-4FCF-9840-E240E56FBBF1}"
EndProject
Global
	GlobalSection(SolutionConfigurationPlatforms) = preSolution
		Debug|Any CPU = Debug|Any CPU
		Release|Any CPU = Release|Any CPU
	EndGlobalSection
	GlobalSection(ProjectConfigurationPlatforms) = postSolution
		{F907D999-E3A4-4FCF-9840-E240E56FBBF1}.Debug|Any CPU.ActiveCfg = Debug|Any CPU
		{F907D999-E3A4-4FCF-9840-E240E56FBBF1}.Debug|Any CPU.Build.0 = Debug|Any CPU
		{F907D999-E3A4-4FCF-9840-E240E56FBBF1}.Release|Any CPU.ActiveCfg = Release|Any CPU
		{F907D999-E3A4-4FCF-9840-E240E56FBBF1}.Release|Any CPU.Build.0 = Release|Any CPU
	EndGlobalSection
	GlobalSection(SolutionProperties) = preSolution
		HideSolutionNode = FALSE
	EndGlobalSection
	GlobalSection(ExtensibilityGlobals) = postSolution
		SolutionGuid = {4341E6B3-EC2A-4A84-94FA-0F44A421C7D2}
	EndGlobalSection
EndGlobal
